github.com/aurelien-pierre/ansel-doc v0.0.0-20221114170102-823f19f84cd8 h1:oXSIXJSLi8EyCueJm9dafE1qdWLg01JLmL0P+WhQKxk=
github.com/aurelien-pierre/ansel-doc v0.0.0-20221114170102-823f19f84cd8/go.mod h1:GnAFpf/hIbO1FYIlgvn1HHCJLYP46t+vUHMzsS4EotY=
github.com/aurelien-pierre/ansel-doc v0.0.0-20221122221715-ccaf8967bfb3 h1:rKZc24sugBGk4lRkmOyptFLm9wi/zX2UedMIJZZUjX0=
github.com/aurelien-pierre/ansel-doc v0.0.0-20221122221715-ccaf8967bfb3/go.mod h1:GnAFpf/hIbO1FYIlgvn1HHCJLYP46t+vUHMzsS4EotY=
github.com/aurelien-pierre/ansel-doc v0.0.0-20221205122126-eb4053cff631 h1:EBfy3Qb10SuyGwplGbX1xHdpL7YN00I5Swnxr5w3Z5w=
github.com/aurelien-pierre/ansel-doc v0.0.0-20221205122126-eb4053cff631/go.mod h1:GnAFpf/hIbO1FYIlgvn1HHCJLYP46t+vUHMzsS4EotY=
