github.com/aurelien-pierre/ansel-doc v0.0.0-20221114170102-823f19f84cd8 h1:oXSIXJSLi8EyCueJm9dafE1qdWLg01JLmL0P+WhQKxk=
github.com/aurelien-pierre/ansel-doc v0.0.0-20221114170102-823f19f84cd8/go.mod h1:GnAFpf/hIbO1FYIlgvn1HHCJLYP46t+vUHMzsS4EotY=
github.com/aurelien-pierre/ansel-doc v0.0.0-20221122221715-ccaf8967bfb3 h1:rKZc24sugBGk4lRkmOyptFLm9wi/zX2UedMIJZZUjX0=
github.com/aurelien-pierre/ansel-doc v0.0.0-20221122221715-ccaf8967bfb3/go.mod h1:GnAFpf/hIbO1FYIlgvn1HHCJLYP46t+vUHMzsS4EotY=
github.com/aurelien-pierre/ansel-doc v0.0.0-20221205122126-eb4053cff631 h1:EBfy3Qb10SuyGwplGbX1xHdpL7YN00I5Swnxr5w3Z5w=
github.com/aurelien-pierre/ansel-doc v0.0.0-20221205122126-eb4053cff631/go.mod h1:GnAFpf/hIbO1FYIlgvn1HHCJLYP46t+vUHMzsS4EotY=
github.com/aurelien-pierre/ansel-doc v0.0.0-20221205142931-3b0b919c9832 h1:A57iKTWPpFqJ5IA8Xyi5lZfWfcC2nBQjYPyTMe877ZE=
github.com/aurelien-pierre/ansel-doc v0.0.0-20221205142931-3b0b919c9832/go.mod h1:GnAFpf/hIbO1FYIlgvn1HHCJLYP46t+vUHMzsS4EotY=
github.com/aurelien-pierre/ansel-doc v0.0.0-20221206171429-0241915988e9 h1:BOZLYq+sxpXLT5xzWcBJ5WGhOVwnDEiE7gAjFgpeiU8=
github.com/aurelien-pierre/ansel-doc v0.0.0-20221206171429-0241915988e9/go.mod h1:GnAFpf/hIbO1FYIlgvn1HHCJLYP46t+vUHMzsS4EotY=
