github.com/aurelienpierreeng/ansel-doc v0.0.0-20221210132230-465a05f3be8b h1:UcOA1d3bA1u08HDH3TaJUBRZuVZvOfKF8/a+DWEhbkA=
github.com/aurelienpierreeng/ansel-doc v0.0.0-20221210132230-465a05f3be8b/go.mod h1:VLh1/h8rWfg0NWQsk8UxhP0ggcOuDIAtBipa93ZHCJs=
github.com/aurelienpierreeng/ansel-doc v0.0.0-20221210145932-22a5128d8926 h1:KEgaHUBwYggXdjFo7qv0v3VZ55X9gFRdJKzcrtV5Bso=
github.com/aurelienpierreeng/ansel-doc v0.0.0-20221210145932-22a5128d8926/go.mod h1:D3pI6+bgYDqUi9+GX5/xibg86rqw+QwpP+KEuxL6/s8=
github.com/aurelienpierreeng/ansel-doc v0.0.0-20240101153448-f48a3b8e779f h1:gzkN9Ru21pWJ4lXNhoUE9BMUUYMX+LAJXuthUPP7AvQ=
github.com/aurelienpierreeng/ansel-doc v0.0.0-20240101153448-f48a3b8e779f/go.mod h1:mGToe3n4wV3XgGB/MarWwBvBU3zGUdY0kJ2hDY/k/WQ=
